// !$*UTF8*$!
{
	archiveVersion = 1;
	classes = {
	};
	objectVersion = 46;
	objects = {

/* Begin PBXBuildFile section */
		073714361BF8185C00EFABCD /* StoreKit.framework in Frameworks */ = {isa = PBXBuildFile; fileRef = 073714351BF8185C00EFABCD /* StoreKit.framework */; };
		073714381BF8186200EFABCD /* GameKit.framework in Frameworks */ = {isa = PBXBuildFile; fileRef = 073714371BF8186200EFABCD /* GameKit.framework */; };
		078BA4AD1BF99256005CF05C /* Roboto-Thin.ttf in Resources */ = {isa = PBXBuildFile; fileRef = 078BA4AC1BF99256005CF05C /* Roboto-Thin.ttf */; };
		07B1F7191BF7FEC400DEE6A7 /* main.m in Sources */ = {isa = PBXBuildFile; fileRef = 07B1F7181BF7FEC400DEE6A7 /* main.m */; };
		07B1F71C1BF7FEC400DEE6A7 /* AppDelegate.m in Sources */ = {isa = PBXBuildFile; fileRef = 07B1F71B1BF7FEC400DEE6A7 /* AppDelegate.m */; };
		07B1F71F1BF7FEC400DEE6A7 /* ViewController.m in Sources */ = {isa = PBXBuildFile; fileRef = 07B1F71E1BF7FEC400DEE6A7 /* ViewController.m */; };
		07B1F7221BF7FEC400DEE6A7 /* Main.storyboard in Resources */ = {isa = PBXBuildFile; fileRef = 07B1F7201BF7FEC400DEE6A7 /* Main.storyboard */; };
		07B1F7271BF7FEC400DEE6A7 /* Assets.xcassets in Resources */ = {isa = PBXBuildFile; fileRef = 07B1F7261BF7FEC400DEE6A7 /* Assets.xcassets */; };
		07B1F72A1BF7FEC400DEE6A7 /* LaunchScreen.storyboard in Resources */ = {isa = PBXBuildFile; fileRef = 07B1F7281BF7FEC400DEE6A7 /* LaunchScreen.storyboard */; };
		07B1F73A1BF8005E00DEE6A7 /* TutorialContentViewController.m in Sources */ = {isa = PBXBuildFile; fileRef = 07B1F7341BF8005E00DEE6A7 /* TutorialContentViewController.m */; };
		07B1F73B1BF8005E00DEE6A7 /* TutorialViewController.m in Sources */ = {isa = PBXBuildFile; fileRef = 07B1F7361BF8005E00DEE6A7 /* TutorialViewController.m */; };
		07B1F7451BF8006F00DEE6A7 /* MainScene.m in Sources */ = {isa = PBXBuildFile; fileRef = 07B1F7411BF8006F00DEE6A7 /* MainScene.m */; };
		07B1F7461BF8006F00DEE6A7 /* MenuScene.m in Sources */ = {isa = PBXBuildFile; fileRef = 07B1F7431BF8006F00DEE6A7 /* MenuScene.m */; };
		07B1F7491BF8009100DEE6A7 /* icon.atlas in Resources */ = {isa = PBXBuildFile; fileRef = 07B1F7481BF8009100DEE6A7 /* icon.atlas */; };
		07B1F7511BF800A100DEE6A7 /* level_selected.png in Resources */ = {isa = PBXBuildFile; fileRef = 07B1F74A1BF800A100DEE6A7 /* level_selected.png */; };
		07B1F7521BF800A100DEE6A7 /* level.png in Resources */ = {isa = PBXBuildFile; fileRef = 07B1F74B1BF800A100DEE6A7 /* level.png */; };
		07B1F7531BF800A100DEE6A7 /* lockicon.png in Resources */ = {isa = PBXBuildFile; fileRef = 07B1F74C1BF800A100DEE6A7 /* lockicon.png */; };
		07B1F7541BF800A100DEE6A7 /* menu_selected.png in Resources */ = {isa = PBXBuildFile; fileRef = 07B1F74D1BF800A100DEE6A7 /* menu_selected.png */; };
		07B1F7551BF800A100DEE6A7 /* menu.png in Resources */ = {isa = PBXBuildFile; fileRef = 07B1F74E1BF800A100DEE6A7 /* menu.png */; };
		07B1F7561BF800A100DEE6A7 /* restart.png in Resources */ = {isa = PBXBuildFile; fileRef = 07B1F74F1BF800A100DEE6A7 /* restart.png */; };
		07B1F7571BF800A100DEE6A7 /* retsart_selected.png in Resources */ = {isa = PBXBuildFile; fileRef = 07B1F7501BF800A100DEE6A7 /* retsart_selected.png */; };
		07B1F75C1BF800FA00DEE6A7 /* arrow_light.png in Resources */ = {isa = PBXBuildFile; fileRef = 07B1F75A1BF800FA00DEE6A7 /* arrow_light.png */; };
		07B1F75D1BF800FA00DEE6A7 /* star.png in Resources */ = {isa = PBXBuildFile; fileRef = 07B1F75B1BF800FA00DEE6A7 /* star.png */; };
		07B1F7651BF8010100DEE6A7 /* tutscreen1.jpg in Resources */ = {isa = PBXBuildFile; fileRef = 07B1F75F1BF8010100DEE6A7 /* tutscreen1.jpg */; };
		07B1F7661BF8010100DEE6A7 /* tutscreen2.jpg in Resources */ = {isa = PBXBuildFile; fileRef = 07B1F7601BF8010100DEE6A7 /* tutscreen2.jpg */; };
		07B1F7671BF8010100DEE6A7 /* tutscreen3.jpg in Resources */ = {isa = PBXBuildFile; fileRef = 07B1F7611BF8010100DEE6A7 /* tutscreen3.jpg */; };
		07B1F7681BF8010100DEE6A7 /* tutscreen4.jpg in Resources */ = {isa = PBXBuildFile; fileRef = 07B1F7621BF8010100DEE6A7 /* tutscreen4.jpg */; };
		07B1F7691BF8010100DEE6A7 /* tutscreen5.jpg in Resources */ = {isa = PBXBuildFile; fileRef = 07B1F7631BF8010100DEE6A7 /* tutscreen5.jpg */; };
		07B1F7751BF8011B00DEE6A7 /* IEBounceLevelController.m in Sources */ = {isa = PBXBuildFile; fileRef = 07B1F76C1BF8011B00DEE6A7 /* IEBounceLevelController.m */; };
		07B1F7761BF8011B00DEE6A7 /* IECustomPath.m in Sources */ = {isa = PBXBuildFile; fileRef = 07B1F76E1BF8011B00DEE6A7 /* IECustomPath.m */; };
		07B1F7771BF8011B00DEE6A7 /* IEDataManager.m in Sources */ = {isa = PBXBuildFile; fileRef = 07B1F7701BF8011B00DEE6A7 /* IEDataManager.m */; };
		07B1F7781BF8011B00DEE6A7 /* IEPortal.m in Sources */ = {isa = PBXBuildFile; fileRef = 07B1F7721BF8011B00DEE6A7 /* IEPortal.m */; };
		07B1F7791BF8011B00DEE6A7 /* IEPowerup.m in Sources */ = {isa = PBXBuildFile; fileRef = 07B1F7741BF8011B00DEE6A7 /* IEPowerup.m */; };
		07B1F77F1BF8012D00DEE6A7 /* IEButton.m in Sources */ = {isa = PBXBuildFile; fileRef = 07B1F77C1BF8012D00DEE6A7 /* IEButton.m */; };
		07B1F7801BF8012D00DEE6A7 /* IEPointSelectionManager.m in Sources */ = {isa = PBXBuildFile; fileRef = 07B1F77E1BF8012D00DEE6A7 /* IEPointSelectionManager.m */; };
		07B1F7841BF8018900DEE6A7 /* Circle_Test.xcdatamodeld in Sources */ = {isa = PBXBuildFile; fileRef = 07B1F7821BF8018900DEE6A7 /* Circle_Test.xcdatamodeld */; };
		07B1F7871BF801D700DEE6A7 /* NewLevelSelectScene.m in Sources */ = {isa = PBXBuildFile; fileRef = 07B1F7861BF801D700DEE6A7 /* NewLevelSelectScene.m */; };
		07B1F7891BF8052800DEE6A7 /* SpriteKit.framework in Frameworks */ = {isa = PBXBuildFile; fileRef = 07B1F7881BF8052800DEE6A7 /* SpriteKit.framework */; };
		07B1F78B1BF8052F00DEE6A7 /* CoreMotion.framework in Frameworks */ = {isa = PBXBuildFile; fileRef = 07B1F78A1BF8052F00DEE6A7 /* CoreMotion.framework */; };
		07C6A9001C2516860020B894 /* dialogue.atlas in Resources */ = {isa = PBXBuildFile; fileRef = 07C6A8FF1C2516860020B894 /* dialogue.atlas */; };
		07EBD2961BFC704C0016DE31 /* SettingsScene.m in Sources */ = {isa = PBXBuildFile; fileRef = 07EBD2951BFC704C0016DE31 /* SettingsScene.m */; };
		07EBD2991BFCA6570016DE31 /* exit_button.png in Resources */ = {isa = PBXBuildFile; fileRef = 07EBD2971BFCA6570016DE31 /* exit_button.png */; };
		07FD7B6E1C26C6AA00D64CE3 /* SurvivalScene.m in Sources */ = {isa = PBXBuildFile; fileRef = 07FD7B6D1C26C6AA00D64CE3 /* SurvivalScene.m */; };
		07FD7B711C26CC8500D64CE3 /* IETimeLabel.m in Sources */ = {isa = PBXBuildFile; fileRef = 07FD7B701C26CC8500D64CE3 /* IETimeLabel.m */; };
		40B5BA5325C14911351611B3 /* libPods.a in Frameworks */ = {isa = PBXBuildFile; fileRef = 45F67282608FB510DA543BFA /* libPods.a */; };
		A622187B1C58558600F5842E /* beep.mp3 in Resources */ = {isa = PBXBuildFile; fileRef = A622187A1C58558600F5842E /* beep.mp3 */; };
		A6537B101C4355FA0015E989 /* IEAudioPlayer.m in Sources */ = {isa = PBXBuildFile; fileRef = A6537B0F1C4355FA0015E989 /* IEAudioPlayer.m */; };
		A6BF27571C4609EB00CBE7C8 /* powerup.wav in Resources */ = {isa = PBXBuildFile; fileRef = A6BF27531C4609EB00CBE7C8 /* powerup.wav */; };
		A6BF27591C4609EB00CBE7C8 /* swoosh.mp3 in Resources */ = {isa = PBXBuildFile; fileRef = A6BF27551C4609EB00CBE7C8 /* swoosh.mp3 */; };
		A6BF275A1C4609EB00CBE7C8 /* tick.mp3 in Resources */ = {isa = PBXBuildFile; fileRef = A6BF27561C4609EB00CBE7C8 /* tick.mp3 */; };
		A6BF275C1C4749E000CBE7C8 /* suction-trimmed.mp3 in Resources */ = {isa = PBXBuildFile; fileRef = A6BF275B1C4749E000CBE7C8 /* suction-trimmed.mp3 */; };
		A6CA49B61C42F897001A92CA /* tutscreen6.jpg in Resources */ = {isa = PBXBuildFile; fileRef = A6CA49B51C42F897001A92CA /* tutscreen6.jpg */; };
		A6F337B81C384EEF0008171C /* twitter.png in Resources */ = {isa = PBXBuildFile; fileRef = A6F337B71C384EEF0008171C /* twitter.png */; };
		A6F466A91C62B6740096B951 /* shoot.mp3 in Resources */ = {isa = PBXBuildFile; fileRef = A6F466A81C62B6740096B951 /* shoot.mp3 */; };
/* End PBXBuildFile section */

/* Begin PBXFileReference section */
		073714351BF8185C00EFABCD /* StoreKit.framework */ = {isa = PBXFileReference; lastKnownFileType = wrapper.framework; name = StoreKit.framework; path = System/Library/Frameworks/StoreKit.framework; sourceTree = SDKROOT; };
		073714371BF8186200EFABCD /* GameKit.framework */ = {isa = PBXFileReference; lastKnownFileType = wrapper.framework; name = GameKit.framework; path = System/Library/Frameworks/GameKit.framework; sourceTree = SDKROOT; };
		078BA4AC1BF99256005CF05C /* Roboto-Thin.ttf */ = {isa = PBXFileReference; lastKnownFileType = file; path = "Roboto-Thin.ttf"; sourceTree = "<group>"; };
		07B1F7141BF7FEC400DEE6A7 /* Bounce Shot.app */ = {isa = PBXFileReference; explicitFileType = wrapper.application; includeInIndex = 0; path = "Bounce Shot.app"; sourceTree = BUILT_PRODUCTS_DIR; };
		07B1F7181BF7FEC400DEE6A7 /* main.m */ = {isa = PBXFileReference; lastKnownFileType = sourcecode.c.objc; path = main.m; sourceTree = "<group>"; };
		07B1F71A1BF7FEC400DEE6A7 /* AppDelegate.h */ = {isa = PBXFileReference; lastKnownFileType = sourcecode.c.h; path = AppDelegate.h; sourceTree = "<group>"; };
		07B1F71B1BF7FEC400DEE6A7 /* AppDelegate.m */ = {isa = PBXFileReference; lastKnownFileType = sourcecode.c.objc; path = AppDelegate.m; sourceTree = "<group>"; };
		07B1F71D1BF7FEC400DEE6A7 /* ViewController.h */ = {isa = PBXFileReference; lastKnownFileType = sourcecode.c.h; path = ViewController.h; sourceTree = "<group>"; };
		07B1F71E1BF7FEC400DEE6A7 /* ViewController.m */ = {isa = PBXFileReference; lastKnownFileType = sourcecode.c.objc; path = ViewController.m; sourceTree = "<group>"; };
		07B1F7211BF7FEC400DEE6A7 /* Base */ = {isa = PBXFileReference; lastKnownFileType = file.storyboard; name = Base; path = Base.lproj/Main.storyboard; sourceTree = "<group>"; };
		07B1F7261BF7FEC400DEE6A7 /* Assets.xcassets */ = {isa = PBXFileReference; lastKnownFileType = folder.assetcatalog; path = Assets.xcassets; sourceTree = "<group>"; };
		07B1F7291BF7FEC400DEE6A7 /* Base */ = {isa = PBXFileReference; lastKnownFileType = file.storyboard; name = Base; path = Base.lproj/LaunchScreen.storyboard; sourceTree = "<group>"; };
		07B1F72B1BF7FEC400DEE6A7 /* Info.plist */ = {isa = PBXFileReference; lastKnownFileType = text.plist.xml; path = Info.plist; sourceTree = "<group>"; };
		07B1F7331BF8005E00DEE6A7 /* TutorialContentViewController.h */ = {isa = PBXFileReference; fileEncoding = 4; lastKnownFileType = sourcecode.c.h; name = TutorialContentViewController.h; path = vcs/TutorialContentViewController.h; sourceTree = "<group>"; };
		07B1F7341BF8005E00DEE6A7 /* TutorialContentViewController.m */ = {isa = PBXFileReference; fileEncoding = 4; lastKnownFileType = sourcecode.c.objc; name = TutorialContentViewController.m; path = vcs/TutorialContentViewController.m; sourceTree = "<group>"; };
		07B1F7351BF8005E00DEE6A7 /* TutorialViewController.h */ = {isa = PBXFileReference; fileEncoding = 4; lastKnownFileType = sourcecode.c.h; name = TutorialViewController.h; path = vcs/TutorialViewController.h; sourceTree = "<group>"; };
		07B1F7361BF8005E00DEE6A7 /* TutorialViewController.m */ = {isa = PBXFileReference; fileEncoding = 4; lastKnownFileType = sourcecode.c.objc; name = TutorialViewController.m; path = vcs/TutorialViewController.m; sourceTree = "<group>"; };
		07B1F7401BF8006F00DEE6A7 /* MainScene.h */ = {isa = PBXFileReference; fileEncoding = 4; lastKnownFileType = sourcecode.c.h; name = MainScene.h; path = scenes/MainScene.h; sourceTree = "<group>"; };
		07B1F7411BF8006F00DEE6A7 /* MainScene.m */ = {isa = PBXFileReference; fileEncoding = 4; lastKnownFileType = sourcecode.c.objc; name = MainScene.m; path = scenes/MainScene.m; sourceTree = "<group>"; };
		07B1F7421BF8006F00DEE6A7 /* MenuScene.h */ = {isa = PBXFileReference; fileEncoding = 4; lastKnownFileType = sourcecode.c.h; name = MenuScene.h; path = scenes/MenuScene.h; sourceTree = "<group>"; };
		07B1F7431BF8006F00DEE6A7 /* MenuScene.m */ = {isa = PBXFileReference; fileEncoding = 4; lastKnownFileType = sourcecode.c.objc; name = MenuScene.m; path = scenes/MenuScene.m; sourceTree = "<group>"; };
		07B1F7481BF8009100DEE6A7 /* icon.atlas */ = {isa = PBXFileReference; lastKnownFileType = folder.skatlas; name = icon.atlas; path = resources/icon.atlas; sourceTree = "<group>"; };
		07B1F74A1BF800A100DEE6A7 /* level_selected.png */ = {isa = PBXFileReference; lastKnownFileType = image.png; name = level_selected.png; path = resources/Icons/level_selected.png; sourceTree = "<group>"; };
		07B1F74B1BF800A100DEE6A7 /* level.png */ = {isa = PBXFileReference; lastKnownFileType = image.png; name = level.png; path = resources/Icons/level.png; sourceTree = "<group>"; };
		07B1F74C1BF800A100DEE6A7 /* lockicon.png */ = {isa = PBXFileReference; lastKnownFileType = image.png; name = lockicon.png; path = resources/Icons/lockicon.png; sourceTree = "<group>"; };
		07B1F74D1BF800A100DEE6A7 /* menu_selected.png */ = {isa = PBXFileReference; lastKnownFileType = image.png; name = menu_selected.png; path = resources/Icons/menu_selected.png; sourceTree = "<group>"; };
		07B1F74E1BF800A100DEE6A7 /* menu.png */ = {isa = PBXFileReference; lastKnownFileType = image.png; name = menu.png; path = resources/Icons/menu.png; sourceTree = "<group>"; };
		07B1F74F1BF800A100DEE6A7 /* restart.png */ = {isa = PBXFileReference; lastKnownFileType = image.png; name = restart.png; path = resources/Icons/restart.png; sourceTree = "<group>"; };
		07B1F7501BF800A100DEE6A7 /* retsart_selected.png */ = {isa = PBXFileReference; lastKnownFileType = image.png; name = retsart_selected.png; path = resources/Icons/retsart_selected.png; sourceTree = "<group>"; };
		07B1F75A1BF800FA00DEE6A7 /* arrow_light.png */ = {isa = PBXFileReference; lastKnownFileType = image.png; name = arrow_light.png; path = resources/arrow_light.png; sourceTree = "<group>"; };
		07B1F75B1BF800FA00DEE6A7 /* star.png */ = {isa = PBXFileReference; lastKnownFileType = image.png; name = star.png; path = resources/star.png; sourceTree = "<group>"; };
		07B1F75F1BF8010100DEE6A7 /* tutscreen1.jpg */ = {isa = PBXFileReference; lastKnownFileType = image.jpeg; name = tutscreen1.jpg; path = resources/tutscreens/tutscreen1.jpg; sourceTree = "<group>"; };
		07B1F7601BF8010100DEE6A7 /* tutscreen2.jpg */ = {isa = PBXFileReference; lastKnownFileType = image.jpeg; name = tutscreen2.jpg; path = resources/tutscreens/tutscreen2.jpg; sourceTree = "<group>"; };
		07B1F7611BF8010100DEE6A7 /* tutscreen3.jpg */ = {isa = PBXFileReference; lastKnownFileType = image.jpeg; name = tutscreen3.jpg; path = resources/tutscreens/tutscreen3.jpg; sourceTree = "<group>"; };
		07B1F7621BF8010100DEE6A7 /* tutscreen4.jpg */ = {isa = PBXFileReference; lastKnownFileType = image.jpeg; name = tutscreen4.jpg; path = resources/tutscreens/tutscreen4.jpg; sourceTree = "<group>"; };
		07B1F7631BF8010100DEE6A7 /* tutscreen5.jpg */ = {isa = PBXFileReference; lastKnownFileType = image.jpeg; name = tutscreen5.jpg; path = resources/tutscreens/tutscreen5.jpg; sourceTree = "<group>"; };
		07B1F76B1BF8011B00DEE6A7 /* IEBounceLevelController.h */ = {isa = PBXFileReference; fileEncoding = 4; lastKnownFileType = sourcecode.c.h; name = IEBounceLevelController.h; path = data/IEBounceLevelController.h; sourceTree = "<group>"; };
		07B1F76C1BF8011B00DEE6A7 /* IEBounceLevelController.m */ = {isa = PBXFileReference; fileEncoding = 4; lastKnownFileType = sourcecode.c.objc; name = IEBounceLevelController.m; path = data/IEBounceLevelController.m; sourceTree = "<group>"; };
		07B1F76D1BF8011B00DEE6A7 /* IECustomPath.h */ = {isa = PBXFileReference; fileEncoding = 4; lastKnownFileType = sourcecode.c.h; name = IECustomPath.h; path = data/IECustomPath.h; sourceTree = "<group>"; };
		07B1F76E1BF8011B00DEE6A7 /* IECustomPath.m */ = {isa = PBXFileReference; fileEncoding = 4; lastKnownFileType = sourcecode.c.objc; name = IECustomPath.m; path = data/IECustomPath.m; sourceTree = "<group>"; };
		07B1F76F1BF8011B00DEE6A7 /* IEDataManager.h */ = {isa = PBXFileReference; fileEncoding = 4; lastKnownFileType = sourcecode.c.h; name = IEDataManager.h; path = data/IEDataManager.h; sourceTree = "<group>"; };
		07B1F7701BF8011B00DEE6A7 /* IEDataManager.m */ = {isa = PBXFileReference; fileEncoding = 4; lastKnownFileType = sourcecode.c.objc; name = IEDataManager.m; path = data/IEDataManager.m; sourceTree = "<group>"; };
		07B1F7711BF8011B00DEE6A7 /* IEPortal.h */ = {isa = PBXFileReference; fileEncoding = 4; lastKnownFileType = sourcecode.c.h; name = IEPortal.h; path = data/IEPortal.h; sourceTree = "<group>"; };
		07B1F7721BF8011B00DEE6A7 /* IEPortal.m */ = {isa = PBXFileReference; fileEncoding = 4; lastKnownFileType = sourcecode.c.objc; name = IEPortal.m; path = data/IEPortal.m; sourceTree = "<group>"; };
		07B1F7731BF8011B00DEE6A7 /* IEPowerup.h */ = {isa = PBXFileReference; fileEncoding = 4; lastKnownFileType = sourcecode.c.h; name = IEPowerup.h; path = data/IEPowerup.h; sourceTree = "<group>"; };
		07B1F7741BF8011B00DEE6A7 /* IEPowerup.m */ = {isa = PBXFileReference; fileEncoding = 4; lastKnownFileType = sourcecode.c.objc; name = IEPowerup.m; path = data/IEPowerup.m; sourceTree = "<group>"; };
		07B1F77B1BF8012D00DEE6A7 /* IEButton.h */ = {isa = PBXFileReference; fileEncoding = 4; lastKnownFileType = sourcecode.c.h; name = IEButton.h; path = helpers/IEButton.h; sourceTree = "<group>"; };
		07B1F77C1BF8012D00DEE6A7 /* IEButton.m */ = {isa = PBXFileReference; fileEncoding = 4; lastKnownFileType = sourcecode.c.objc; name = IEButton.m; path = helpers/IEButton.m; sourceTree = "<group>"; };
		07B1F77D1BF8012D00DEE6A7 /* IEPointSelectionManager.h */ = {isa = PBXFileReference; fileEncoding = 4; lastKnownFileType = sourcecode.c.h; name = IEPointSelectionManager.h; path = helpers/IEPointSelectionManager.h; sourceTree = "<group>"; };
		07B1F77E1BF8012D00DEE6A7 /* IEPointSelectionManager.m */ = {isa = PBXFileReference; fileEncoding = 4; lastKnownFileType = sourcecode.c.objc; name = IEPointSelectionManager.m; path = helpers/IEPointSelectionManager.m; sourceTree = "<group>"; };
		07B1F7831BF8018900DEE6A7 /* Circle_Test.xcdatamodel */ = {isa = PBXFileReference; lastKnownFileType = wrapper.xcdatamodel; path = Circle_Test.xcdatamodel; sourceTree = "<group>"; };
		07B1F7851BF801D700DEE6A7 /* NewLevelSelectScene.h */ = {isa = PBXFileReference; fileEncoding = 4; lastKnownFileType = sourcecode.c.h; name = NewLevelSelectScene.h; path = scenes/NewLevelSelectScene.h; sourceTree = "<group>"; };
		07B1F7861BF801D700DEE6A7 /* NewLevelSelectScene.m */ = {isa = PBXFileReference; fileEncoding = 4; lastKnownFileType = sourcecode.c.objc; name = NewLevelSelectScene.m; path = scenes/NewLevelSelectScene.m; sourceTree = "<group>"; };
		07B1F7881BF8052800DEE6A7 /* SpriteKit.framework */ = {isa = PBXFileReference; lastKnownFileType = wrapper.framework; name = SpriteKit.framework; path = System/Library/Frameworks/SpriteKit.framework; sourceTree = SDKROOT; };
		07B1F78A1BF8052F00DEE6A7 /* CoreMotion.framework */ = {isa = PBXFileReference; lastKnownFileType = wrapper.framework; name = CoreMotion.framework; path = System/Library/Frameworks/CoreMotion.framework; sourceTree = SDKROOT; };
		07C6A8FF1C2516860020B894 /* dialogue.atlas */ = {isa = PBXFileReference; lastKnownFileType = folder.skatlas; name = dialogue.atlas; path = resources/dialogue.atlas; sourceTree = "<group>"; };
		07EBD2941BFC704B0016DE31 /* SettingsScene.h */ = {isa = PBXFileReference; fileEncoding = 4; lastKnownFileType = sourcecode.c.h; path = SettingsScene.h; sourceTree = "<group>"; };
		07EBD2951BFC704C0016DE31 /* SettingsScene.m */ = {isa = PBXFileReference; fileEncoding = 4; lastKnownFileType = sourcecode.c.objc; path = SettingsScene.m; sourceTree = "<group>"; };
		07EBD2971BFCA6570016DE31 /* exit_button.png */ = {isa = PBXFileReference; lastKnownFileType = image.png; name = exit_button.png; path = resources/exit_button.png; sourceTree = "<group>"; };
		07FD7B6C1C26C6AA00D64CE3 /* SurvivalScene.h */ = {isa = PBXFileReference; fileEncoding = 4; lastKnownFileType = sourcecode.c.h; path = SurvivalScene.h; sourceTree = "<group>"; };
		07FD7B6D1C26C6AA00D64CE3 /* SurvivalScene.m */ = {isa = PBXFileReference; fileEncoding = 4; lastKnownFileType = sourcecode.c.objc; path = SurvivalScene.m; sourceTree = "<group>"; };
		07FD7B6F1C26CC8500D64CE3 /* IETimeLabel.h */ = {isa = PBXFileReference; fileEncoding = 4; lastKnownFileType = sourcecode.c.h; path = IETimeLabel.h; sourceTree = "<group>"; };
		07FD7B701C26CC8500D64CE3 /* IETimeLabel.m */ = {isa = PBXFileReference; fileEncoding = 4; lastKnownFileType = sourcecode.c.objc; path = IETimeLabel.m; sourceTree = "<group>"; };
		45F67282608FB510DA543BFA /* libPods.a */ = {isa = PBXFileReference; explicitFileType = archive.ar; includeInIndex = 0; path = libPods.a; sourceTree = BUILT_PRODUCTS_DIR; };
		49B4DB91054DBB3A6F0B69CD /* Pods.release.xcconfig */ = {isa = PBXFileReference; includeInIndex = 1; lastKnownFileType = text.xcconfig; name = Pods.release.xcconfig; path = "Pods/Target Support Files/Pods/Pods.release.xcconfig"; sourceTree = "<group>"; };
		4BFC823B58D451F57999DF9C /* Pods.debug.xcconfig */ = {isa = PBXFileReference; includeInIndex = 1; lastKnownFileType = text.xcconfig; name = Pods.debug.xcconfig; path = "Pods/Target Support Files/Pods/Pods.debug.xcconfig"; sourceTree = "<group>"; };
		A622187A1C58558600F5842E /* beep.mp3 */ = {isa = PBXFileReference; lastKnownFileType = audio.mp3; name = beep.mp3; path = resources/sounds/beep.mp3; sourceTree = "<group>"; };
		A6537B0E1C4355FA0015E989 /* IEAudioPlayer.h */ = {isa = PBXFileReference; fileEncoding = 4; lastKnownFileType = sourcecode.c.h; path = IEAudioPlayer.h; sourceTree = "<group>"; };
		A6537B0F1C4355FA0015E989 /* IEAudioPlayer.m */ = {isa = PBXFileReference; fileEncoding = 4; lastKnownFileType = sourcecode.c.objc; path = IEAudioPlayer.m; sourceTree = "<group>"; };
		A6BF27531C4609EB00CBE7C8 /* powerup.wav */ = {isa = PBXFileReference; lastKnownFileType = audio.wav; name = powerup.wav; path = resources/sounds/powerup.wav; sourceTree = "<group>"; };
		A6BF27551C4609EB00CBE7C8 /* swoosh.mp3 */ = {isa = PBXFileReference; lastKnownFileType = audio.mp3; name = swoosh.mp3; path = resources/sounds/swoosh.mp3; sourceTree = "<group>"; };
		A6BF27561C4609EB00CBE7C8 /* tick.mp3 */ = {isa = PBXFileReference; lastKnownFileType = audio.mp3; name = tick.mp3; path = resources/sounds/tick.mp3; sourceTree = "<group>"; };
		A6BF275B1C4749E000CBE7C8 /* suction-trimmed.mp3 */ = {isa = PBXFileReference; lastKnownFileType = audio.mp3; name = "suction-trimmed.mp3"; path = "resources/sounds/suction-trimmed.mp3"; sourceTree = "<group>"; };
		A6CA49B51C42F897001A92CA /* tutscreen6.jpg */ = {isa = PBXFileReference; lastKnownFileType = image.jpeg; name = tutscreen6.jpg; path = resources/tutscreens/tutscreen6.jpg; sourceTree = "<group>"; };
		A6F337B71C384EEF0008171C /* twitter.png */ = {isa = PBXFileReference; lastKnownFileType = image.png; name = twitter.png; path = resources/twitter.png; sourceTree = "<group>"; };
		A6F466A81C62B6740096B951 /* shoot.mp3 */ = {isa = PBXFileReference; lastKnownFileType = audio.mp3; name = shoot.mp3; path = resources/sounds/shoot.mp3; sourceTree = "<group>"; };
/* End PBXFileReference section */

/* Begin PBXFrameworksBuildPhase section */
		07B1F7111BF7FEC400DEE6A7 /* Frameworks */ = {
			isa = PBXFrameworksBuildPhase;
			buildActionMask = 2147483647;
			files = (
				073714381BF8186200EFABCD /* GameKit.framework in Frameworks */,
				073714361BF8185C00EFABCD /* StoreKit.framework in Frameworks */,
				07B1F78B1BF8052F00DEE6A7 /* CoreMotion.framework in Frameworks */,
				07B1F7891BF8052800DEE6A7 /* SpriteKit.framework in Frameworks */,
				40B5BA5325C14911351611B3 /* libPods.a in Frameworks */,
			);
			runOnlyForDeploymentPostprocessing = 0;
		};
/* End PBXFrameworksBuildPhase section */

/* Begin PBXGroup section */
		07B1F70B1BF7FEC400DEE6A7 = {
			isa = PBXGroup;
			children = (
				073714371BF8186200EFABCD /* GameKit.framework */,
				073714351BF8185C00EFABCD /* StoreKit.framework */,
				07B1F78A1BF8052F00DEE6A7 /* CoreMotion.framework */,
				07B1F7881BF8052800DEE6A7 /* SpriteKit.framework */,
				07B1F7161BF7FEC400DEE6A7 /* Trick Shot */,
				07B1F7151BF7FEC400DEE6A7 /* Products */,
				D3AFB89C2488F6323FD9D589 /* Pods */,
				B0CC588D565ABBFE6F88BEB0 /* Frameworks */,
			);
			sourceTree = "<group>";
		};
		07B1F7151BF7FEC400DEE6A7 /* Products */ = {
			isa = PBXGroup;
			children = (
				07B1F7141BF7FEC400DEE6A7 /* Bounce Shot.app */,
			);
			name = Products;
			sourceTree = "<group>";
		};
		07B1F7161BF7FEC400DEE6A7 /* Trick Shot */ = {
			isa = PBXGroup;
			children = (
				07B1F71A1BF7FEC400DEE6A7 /* AppDelegate.h */,
				07B1F71B1BF7FEC400DEE6A7 /* AppDelegate.m */,
				07B1F71D1BF7FEC400DEE6A7 /* ViewController.h */,
				07B1F71E1BF7FEC400DEE6A7 /* ViewController.m */,
				07B1F7811BF8014400DEE6A7 /* helpers */,
				07B1F77A1BF8011E00DEE6A7 /* data */,
				07B1F7591BF800E400DEE6A7 /* resources */,
				07B1F7471BF8007800DEE6A7 /* scenes */,
				07B1F73D1BF8006300DEE6A7 /* vcs */,
				07B1F7201BF7FEC400DEE6A7 /* Main.storyboard */,
				07B1F7261BF7FEC400DEE6A7 /* Assets.xcassets */,
				07B1F7281BF7FEC400DEE6A7 /* LaunchScreen.storyboard */,
				07B1F72B1BF7FEC400DEE6A7 /* Info.plist */,
				07B1F7821BF8018900DEE6A7 /* Circle_Test.xcdatamodeld */,
				07B1F7171BF7FEC400DEE6A7 /* Supporting Files */,
			);
			path = "Trick Shot";
			sourceTree = "<group>";
		};
		07B1F7171BF7FEC400DEE6A7 /* Supporting Files */ = {
			isa = PBXGroup;
			children = (
				07B1F7181BF7FEC400DEE6A7 /* main.m */,
			);
			name = "Supporting Files";
			sourceTree = "<group>";
		};
		07B1F73D1BF8006300DEE6A7 /* vcs */ = {
			isa = PBXGroup;
			children = (
				07B1F7331BF8005E00DEE6A7 /* TutorialContentViewController.h */,
				07B1F7341BF8005E00DEE6A7 /* TutorialContentViewController.m */,
				07B1F7351BF8005E00DEE6A7 /* TutorialViewController.h */,
				07B1F7361BF8005E00DEE6A7 /* TutorialViewController.m */,
			);
			name = vcs;
			sourceTree = "<group>";
		};
		07B1F7471BF8007800DEE6A7 /* scenes */ = {
			isa = PBXGroup;
			children = (
				07B1F7851BF801D700DEE6A7 /* NewLevelSelectScene.h */,
				07B1F7861BF801D700DEE6A7 /* NewLevelSelectScene.m */,
				07B1F7401BF8006F00DEE6A7 /* MainScene.h */,
				07B1F7411BF8006F00DEE6A7 /* MainScene.m */,
				07B1F7421BF8006F00DEE6A7 /* MenuScene.h */,
				07B1F7431BF8006F00DEE6A7 /* MenuScene.m */,
				07FD7B6C1C26C6AA00D64CE3 /* SurvivalScene.h */,
				07FD7B6D1C26C6AA00D64CE3 /* SurvivalScene.m */,
				07EBD2941BFC704B0016DE31 /* SettingsScene.h */,
				07EBD2951BFC704C0016DE31 /* SettingsScene.m */,
			);
			name = scenes;
			sourceTree = "<group>";
		};
		07B1F7581BF800C700DEE6A7 /* app icons */ = {
			isa = PBXGroup;
			children = (
				07B1F74A1BF800A100DEE6A7 /* level_selected.png */,
				07B1F74B1BF800A100DEE6A7 /* level.png */,
				07B1F74C1BF800A100DEE6A7 /* lockicon.png */,
				07B1F74D1BF800A100DEE6A7 /* menu_selected.png */,
				07B1F74E1BF800A100DEE6A7 /* menu.png */,
				07B1F74F1BF800A100DEE6A7 /* restart.png */,
				07B1F7501BF800A100DEE6A7 /* retsart_selected.png */,
			);
			name = "app icons";
			sourceTree = "<group>";
		};
		07B1F7591BF800E400DEE6A7 /* resources */ = {
			isa = PBXGroup;
			children = (
				A6537B131C43580C0015E989 /* sounds */,
				A6F337B71C384EEF0008171C /* twitter.png */,
				07C6A8FF1C2516860020B894 /* dialogue.atlas */,
				07EBD2971BFCA6570016DE31 /* exit_button.png */,
				078BA4AC1BF99256005CF05C /* Roboto-Thin.ttf */,
				07B1F76A1BF8010900DEE6A7 /* tut screens */,
				07B1F75A1BF800FA00DEE6A7 /* arrow_light.png */,
				07B1F75B1BF800FA00DEE6A7 /* star.png */,
				07B1F7581BF800C700DEE6A7 /* app icons */,
				07B1F7481BF8009100DEE6A7 /* icon.atlas */,
			);
			name = resources;
			sourceTree = "<group>";
		};
		07B1F76A1BF8010900DEE6A7 /* tut screens */ = {
			isa = PBXGroup;
			children = (
				07B1F75F1BF8010100DEE6A7 /* tutscreen1.jpg */,
				07B1F7601BF8010100DEE6A7 /* tutscreen2.jpg */,
				07B1F7611BF8010100DEE6A7 /* tutscreen3.jpg */,
				07B1F7621BF8010100DEE6A7 /* tutscreen4.jpg */,
				07B1F7631BF8010100DEE6A7 /* tutscreen5.jpg */,
				A6CA49B51C42F897001A92CA /* tutscreen6.jpg */,
			);
			name = "tut screens";
			sourceTree = "<group>";
		};
		07B1F77A1BF8011E00DEE6A7 /* data */ = {
			isa = PBXGroup;
			children = (
				07B1F76B1BF8011B00DEE6A7 /* IEBounceLevelController.h */,
				07B1F76C1BF8011B00DEE6A7 /* IEBounceLevelController.m */,
				07B1F76D1BF8011B00DEE6A7 /* IECustomPath.h */,
				07B1F76E1BF8011B00DEE6A7 /* IECustomPath.m */,
				07B1F76F1BF8011B00DEE6A7 /* IEDataManager.h */,
				07B1F7701BF8011B00DEE6A7 /* IEDataManager.m */,
			);
			name = data;
			sourceTree = "<group>";
		};
		07B1F7811BF8014400DEE6A7 /* helpers */ = {
			isa = PBXGroup;
			children = (
				07B1F77D1BF8012D00DEE6A7 /* IEPointSelectionManager.h */,
				07B1F77E1BF8012D00DEE6A7 /* IEPointSelectionManager.m */,
				07B1F77B1BF8012D00DEE6A7 /* IEButton.h */,
				07B1F77C1BF8012D00DEE6A7 /* IEButton.m */,
				07B1F7711BF8011B00DEE6A7 /* IEPortal.h */,
				07B1F7721BF8011B00DEE6A7 /* IEPortal.m */,
				07B1F7731BF8011B00DEE6A7 /* IEPowerup.h */,
				07B1F7741BF8011B00DEE6A7 /* IEPowerup.m */,
				07FD7B6F1C26CC8500D64CE3 /* IETimeLabel.h */,
				07FD7B701C26CC8500D64CE3 /* IETimeLabel.m */,
				A6537B0E1C4355FA0015E989 /* IEAudioPlayer.h */,
				A6537B0F1C4355FA0015E989 /* IEAudioPlayer.m */,
			);
			name = helpers;
			sourceTree = "<group>";
		};
		A6537B131C43580C0015E989 /* sounds */ = {
			isa = PBXGroup;
			children = (
				A6F466A81C62B6740096B951 /* shoot.mp3 */,
				A622187A1C58558600F5842E /* beep.mp3 */,
				A6BF275B1C4749E000CBE7C8 /* suction-trimmed.mp3 */,
				A6BF27531C4609EB00CBE7C8 /* powerup.wav */,
				A6BF27551C4609EB00CBE7C8 /* swoosh.mp3 */,
				A6BF27561C4609EB00CBE7C8 /* tick.mp3 */,
			);
			name = sounds;
			sourceTree = "<group>";
		};
		B0CC588D565ABBFE6F88BEB0 /* Frameworks */ = {
			isa = PBXGroup;
			children = (
				45F67282608FB510DA543BFA /* libPods.a */,
			);
			name = Frameworks;
			sourceTree = "<group>";
		};
		D3AFB89C2488F6323FD9D589 /* Pods */ = {
			isa = PBXGroup;
			children = (
				4BFC823B58D451F57999DF9C /* Pods.debug.xcconfig */,
				49B4DB91054DBB3A6F0B69CD /* Pods.release.xcconfig */,
			);
			name = Pods;
			sourceTree = "<group>";
		};
/* End PBXGroup section */

/* Begin PBXNativeTarget section */
		07B1F7131BF7FEC400DEE6A7 /* Bounce Shot */ = {
			isa = PBXNativeTarget;
			buildConfigurationList = 07B1F72E1BF7FEC400DEE6A7 /* Build configuration list for PBXNativeTarget "Bounce Shot" */;
			buildPhases = (
				CF9578BBC1E6F007B276A51A /* Check Pods Manifest.lock */,
				07B1F7101BF7FEC400DEE6A7 /* Sources */,
				07B1F7111BF7FEC400DEE6A7 /* Frameworks */,
				07B1F7121BF7FEC400DEE6A7 /* Resources */,
				8BC556856172186CA0DEA103 /* Embed Pods Frameworks */,
				EF8D0CE118035C41B25780FE /* Copy Pods Resources */,
			);
			buildRules = (
			);
			dependencies = (
			);
			name = "Bounce Shot";
			productName = "Trick Shot";
			productReference = 07B1F7141BF7FEC400DEE6A7 /* Bounce Shot.app */;
			productType = "com.apple.product-type.application";
		};
/* End PBXNativeTarget section */

/* Begin PBXProject section */
		07B1F70C1BF7FEC400DEE6A7 /* Project object */ = {
			isa = PBXProject;
			attributes = {
				LastUpgradeCheck = 0710;
				ORGANIZATIONNAME = "Eric Dufresne";
				TargetAttributes = {
					07B1F7131BF7FEC400DEE6A7 = {
						CreatedOnToolsVersion = 7.1.1;
						DevelopmentTeam = 52899258R3;
					};
				};
			};
			buildConfigurationList = 07B1F70F1BF7FEC400DEE6A7 /* Build configuration list for PBXProject "Bounce Shot" */;
			compatibilityVersion = "Xcode 3.2";
			developmentRegion = English;
			hasScannedForEncodings = 0;
			knownRegions = (
				en,
				Base,
			);
			mainGroup = 07B1F70B1BF7FEC400DEE6A7;
			productRefGroup = 07B1F7151BF7FEC400DEE6A7 /* Products */;
			projectDirPath = "";
			projectRoot = "";
			targets = (
				07B1F7131BF7FEC400DEE6A7 /* Bounce Shot */,
			);
		};
/* End PBXProject section */

/* Begin PBXResourcesBuildPhase section */
		07B1F7121BF7FEC400DEE6A7 /* Resources */ = {
			isa = PBXResourcesBuildPhase;
			buildActionMask = 2147483647;
			files = (
				A6F337B81C384EEF0008171C /* twitter.png in Resources */,
				07B1F7671BF8010100DEE6A7 /* tutscreen3.jpg in Resources */,
				A6BF27591C4609EB00CBE7C8 /* swoosh.mp3 in Resources */,
				07B1F72A1BF7FEC400DEE6A7 /* LaunchScreen.storyboard in Resources */,
				07B1F7681BF8010100DEE6A7 /* tutscreen4.jpg in Resources */,
				07B1F7541BF800A100DEE6A7 /* menu_selected.png in Resources */,
				07B1F7551BF800A100DEE6A7 /* menu.png in Resources */,
				07B1F7271BF7FEC400DEE6A7 /* Assets.xcassets in Resources */,
				07B1F7521BF800A100DEE6A7 /* level.png in Resources */,
				A6BF275C1C4749E000CBE7C8 /* suction-trimmed.mp3 in Resources */,
				078BA4AD1BF99256005CF05C /* Roboto-Thin.ttf in Resources */,
				07B1F7531BF800A100DEE6A7 /* lockicon.png in Resources */,
				07B1F7511BF800A100DEE6A7 /* level_selected.png in Resources */,
				07B1F7691BF8010100DEE6A7 /* tutscreen5.jpg in Resources */,
				07B1F7491BF8009100DEE6A7 /* icon.atlas in Resources */,
				07B1F75C1BF800FA00DEE6A7 /* arrow_light.png in Resources */,
				07B1F75D1BF800FA00DEE6A7 /* star.png in Resources */,
				07B1F7221BF7FEC400DEE6A7 /* Main.storyboard in Resources */,
				07B1F7661BF8010100DEE6A7 /* tutscreen2.jpg in Resources */,
				A6CA49B61C42F897001A92CA /* tutscreen6.jpg in Resources */,
				A6BF275A1C4609EB00CBE7C8 /* tick.mp3 in Resources */,
				A6BF27571C4609EB00CBE7C8 /* powerup.wav in Resources */,
				07B1F7561BF800A100DEE6A7 /* restart.png in Resources */,
				07B1F7571BF800A100DEE6A7 /* retsart_selected.png in Resources */,
				07C6A9001C2516860020B894 /* dialogue.atlas in Resources */,
				07EBD2991BFCA6570016DE31 /* exit_button.png in Resources */,
				A6F466A91C62B6740096B951 /* shoot.mp3 in Resources */,
				A622187B1C58558600F5842E /* beep.mp3 in Resources */,
				07B1F7651BF8010100DEE6A7 /* tutscreen1.jpg in Resources */,
			);
			runOnlyForDeploymentPostprocessing = 0;
		};
/* End PBXResourcesBuildPhase section */

/* Begin PBXShellScriptBuildPhase section */
		8BC556856172186CA0DEA103 /* Embed Pods Frameworks */ = {
			isa = PBXShellScriptBuildPhase;
			buildActionMask = 2147483647;
			files = (
			);
			inputPaths = (
			);
			name = "Embed Pods Frameworks";
			outputPaths = (
			);
			runOnlyForDeploymentPostprocessing = 0;
			shellPath = /bin/sh;
			shellScript = "\"${SRCROOT}/Pods/Target Support Files/Pods/Pods-frameworks.sh\"\n";
			showEnvVarsInLog = 0;
		};
		CF9578BBC1E6F007B276A51A /* Check Pods Manifest.lock */ = {
			isa = PBXShellScriptBuildPhase;
			buildActionMask = 2147483647;
			files = (
			);
			inputPaths = (
			);
			name = "Check Pods Manifest.lock";
			outputPaths = (
			);
			runOnlyForDeploymentPostprocessing = 0;
			shellPath = /bin/sh;
			shellScript = "diff \"${PODS_ROOT}/../Podfile.lock\" \"${PODS_ROOT}/Manifest.lock\" > /dev/null\nif [[ $? != 0 ]] ; then\n    cat << EOM\nerror: The sandbox is not in sync with the Podfile.lock. Run 'pod install' or update your CocoaPods installation.\nEOM\n    exit 1\nfi\n";
			showEnvVarsInLog = 0;
		};
		EF8D0CE118035C41B25780FE /* Copy Pods Resources */ = {
			isa = PBXShellScriptBuildPhase;
			buildActionMask = 2147483647;
			files = (
			);
			inputPaths = (
			);
			name = "Copy Pods Resources";
			outputPaths = (
			);
			runOnlyForDeploymentPostprocessing = 0;
			shellPath = /bin/sh;
			shellScript = "\"${SRCROOT}/Pods/Target Support Files/Pods/Pods-resources.sh\"\n";
			showEnvVarsInLog = 0;
		};
/* End PBXShellScriptBuildPhase section */

/* Begin PBXSourcesBuildPhase section */
		07B1F7101BF7FEC400DEE6A7 /* Sources */ = {
			isa = PBXSourcesBuildPhase;
			buildActionMask = 2147483647;
			files = (
				07B1F7461BF8006F00DEE6A7 /* MenuScene.m in Sources */,
				07B1F73B1BF8005E00DEE6A7 /* TutorialViewController.m in Sources */,
				07B1F7751BF8011B00DEE6A7 /* IEBounceLevelController.m in Sources */,
				07EBD2961BFC704C0016DE31 /* SettingsScene.m in Sources */,
				07B1F7871BF801D700DEE6A7 /* NewLevelSelectScene.m in Sources */,
				07B1F71F1BF7FEC400DEE6A7 /* ViewController.m in Sources */,
				07B1F77F1BF8012D00DEE6A7 /* IEButton.m in Sources */,
				07FD7B711C26CC8500D64CE3 /* IETimeLabel.m in Sources */,
				07B1F7781BF8011B00DEE6A7 /* IEPortal.m in Sources */,
				07B1F7791BF8011B00DEE6A7 /* IEPowerup.m in Sources */,
				07B1F7771BF8011B00DEE6A7 /* IEDataManager.m in Sources */,
				07B1F7761BF8011B00DEE6A7 /* IECustomPath.m in Sources */,
				07B1F73A1BF8005E00DEE6A7 /* TutorialContentViewController.m in Sources */,
				07FD7B6E1C26C6AA00D64CE3 /* SurvivalScene.m in Sources */,
				07B1F7801BF8012D00DEE6A7 /* IEPointSelectionManager.m in Sources */,
				07B1F7451BF8006F00DEE6A7 /* MainScene.m in Sources */,
				07B1F71C1BF7FEC400DEE6A7 /* AppDelegate.m in Sources */,
				07B1F7191BF7FEC400DEE6A7 /* main.m in Sources */,
				07B1F7841BF8018900DEE6A7 /* Circle_Test.xcdatamodeld in Sources */,
				A6537B101C4355FA0015E989 /* IEAudioPlayer.m in Sources */,
			);
			runOnlyForDeploymentPostprocessing = 0;
		};
/* End PBXSourcesBuildPhase section */

/* Begin PBXVariantGroup section */
		07B1F7201BF7FEC400DEE6A7 /* Main.storyboard */ = {
			isa = PBXVariantGroup;
			children = (
				07B1F7211BF7FEC400DEE6A7 /* Base */,
			);
			name = Main.storyboard;
			sourceTree = "<group>";
		};
		07B1F7281BF7FEC400DEE6A7 /* LaunchScreen.storyboard */ = {
			isa = PBXVariantGroup;
			children = (
				07B1F7291BF7FEC400DEE6A7 /* Base */,
			);
			name = LaunchScreen.storyboard;
			sourceTree = "<group>";
		};
/* End PBXVariantGroup section */

/* Begin XCBuildConfiguration section */
		07B1F72C1BF7FEC400DEE6A7 /* Debug */ = {
			isa = XCBuildConfiguration;
			buildSettings = {
				ALWAYS_SEARCH_USER_PATHS = NO;
				CLANG_CXX_LANGUAGE_STANDARD = "gnu++0x";
				CLANG_CXX_LIBRARY = "libc++";
				CLANG_ENABLE_MODULES = YES;
				CLANG_ENABLE_OBJC_ARC = YES;
				CLANG_WARN_BOOL_CONVERSION = YES;
				CLANG_WARN_CONSTANT_CONVERSION = YES;
				CLANG_WARN_DIRECT_OBJC_ISA_USAGE = YES_ERROR;
				CLANG_WARN_EMPTY_BODY = YES;
				CLANG_WARN_ENUM_CONVERSION = YES;
				CLANG_WARN_INT_CONVERSION = YES;
				CLANG_WARN_OBJC_ROOT_CLASS = YES_ERROR;
				CLANG_WARN_UNREACHABLE_CODE = YES;
				CLANG_WARN__DUPLICATE_METHOD_MATCH = YES;
				CODE_SIGN_IDENTITY = "iPhone Distribution: Tyler Nevery (52899258R3)";
				"CODE_SIGN_IDENTITY[sdk=iphoneos*]" = "iPhone Developer: Tyler Nevery (736FZ6564Y)";
				COPY_PHASE_STRIP = NO;
				DEBUG_INFORMATION_FORMAT = dwarf;
				ENABLE_STRICT_OBJC_MSGSEND = YES;
				ENABLE_TESTABILITY = YES;
				GCC_C_LANGUAGE_STANDARD = gnu99;
				GCC_DYNAMIC_NO_PIC = NO;
				GCC_NO_COMMON_BLOCKS = YES;
				GCC_OPTIMIZATION_LEVEL = 0;
				GCC_PREPROCESSOR_DEFINITIONS = (
					"DEBUG=1",
					"$(inherited)",
				);
				GCC_WARN_64_TO_32_BIT_CONVERSION = YES;
				GCC_WARN_ABOUT_RETURN_TYPE = YES_ERROR;
				GCC_WARN_UNDECLARED_SELECTOR = YES;
				GCC_WARN_UNINITIALIZED_AUTOS = YES_AGGRESSIVE;
				GCC_WARN_UNUSED_FUNCTION = YES;
				GCC_WARN_UNUSED_VARIABLE = YES;
				IPHONEOS_DEPLOYMENT_TARGET = 9.1;
				MTL_ENABLE_DEBUG_INFO = YES;
				ONLY_ACTIVE_ARCH = YES;
				SDKROOT = iphoneos;
				TARGETED_DEVICE_FAMILY = "1,2";
			};
			name = Debug;
		};
		07B1F72D1BF7FEC400DEE6A7 /* Release */ = {
			isa = XCBuildConfiguration;
			buildSettings = {
				ALWAYS_SEARCH_USER_PATHS = NO;
				CLANG_CXX_LANGUAGE_STANDARD = "gnu++0x";
				CLANG_CXX_LIBRARY = "libc++";
				CLANG_ENABLE_MODULES = YES;
				CLANG_ENABLE_OBJC_ARC = YES;
				CLANG_WARN_BOOL_CONVERSION = YES;
				CLANG_WARN_CONSTANT_CONVERSION = YES;
				CLANG_WARN_DIRECT_OBJC_ISA_USAGE = YES_ERROR;
				CLANG_WARN_EMPTY_BODY = YES;
				CLANG_WARN_ENUM_CONVERSION = YES;
				CLANG_WARN_INT_CONVERSION = YES;
				CLANG_WARN_OBJC_ROOT_CLASS = YES_ERROR;
				CLANG_WARN_UNREACHABLE_CODE = YES;
				CLANG_WARN__DUPLICATE_METHOD_MATCH = YES;
				CODE_SIGN_IDENTITY = "iPhone Distribution: Tyler Nevery (52899258R3)";
				"CODE_SIGN_IDENTITY[sdk=iphoneos*]" = "iPhone Developer: Tyler Nevery (736FZ6564Y)";
				COPY_PHASE_STRIP = NO;
				DEBUG_INFORMATION_FORMAT = "dwarf-with-dsym";
				ENABLE_NS_ASSERTIONS = NO;
				ENABLE_STRICT_OBJC_MSGSEND = YES;
				GCC_C_LANGUAGE_STANDARD = gnu99;
				GCC_NO_COMMON_BLOCKS = YES;
				GCC_WARN_64_TO_32_BIT_CONVERSION = YES;
				GCC_WARN_ABOUT_RETURN_TYPE = YES_ERROR;
				GCC_WARN_UNDECLARED_SELECTOR = YES;
				GCC_WARN_UNINITIALIZED_AUTOS = YES_AGGRESSIVE;
				GCC_WARN_UNUSED_FUNCTION = YES;
				GCC_WARN_UNUSED_VARIABLE = YES;
				IPHONEOS_DEPLOYMENT_TARGET = 9.1;
				MTL_ENABLE_DEBUG_INFO = NO;
				SDKROOT = iphoneos;
				TARGETED_DEVICE_FAMILY = "1,2";
				VALIDATE_PRODUCT = YES;
			};
			name = Release;
		};
		07B1F72F1BF7FEC400DEE6A7 /* Debug */ = {
			isa = XCBuildConfiguration;
			baseConfigurationReference = 4BFC823B58D451F57999DF9C /* Pods.debug.xcconfig */;
			buildSettings = {
				ASSETCATALOG_COMPILER_APPICON_NAME = AppIcon;
				CODE_SIGN_IDENTITY = "iPhone Distribution: Tyler Nevery (52899258R3)";
				"CODE_SIGN_IDENTITY[sdk=iphoneos*]" = "iPhone Developer: Tyler Nevery (736FZ6564Y)";
				ENABLE_BITCODE = NO;
				INFOPLIST_FILE = "Trick Shot/Info.plist";
				IPHONEOS_DEPLOYMENT_TARGET = 8.0;
				LD_RUNPATH_SEARCH_PATHS = "$(inherited) @executable_path/Frameworks";
				OTHER_LDFLAGS = (
					"$(inherited)",
					"-ObjC",
					"-l\"Reachability\"",
					"-framework",
					"\"GoogleMobileAds\"",
					"-framework",
					"\"SystemConfiguration\"",
				);
				PRODUCT_BUNDLE_IDENTIFIER = "com.IndieEndGames.Bounce-Draw";
				PRODUCT_NAME = "Bounce Shot";
				PROVISIONING_PROFILE = "";
			};
			name = Debug;
		};
		07B1F7301BF7FEC400DEE6A7 /* Release */ = {
			isa = XCBuildConfiguration;
			baseConfigurationReference = 49B4DB91054DBB3A6F0B69CD /* Pods.release.xcconfig */;
			buildSettings = {
				ASSETCATALOG_COMPILER_APPICON_NAME = AppIcon;
				CODE_SIGN_IDENTITY = "iPhone Distribution: Tyler Nevery (52899258R3)";
				"CODE_SIGN_IDENTITY[sdk=iphoneos*]" = "iPhone Developer: Tyler Nevery (736FZ6564Y)";
				ENABLE_BITCODE = NO;
				INFOPLIST_FILE = "Trick Shot/Info.plist";
				IPHONEOS_DEPLOYMENT_TARGET = 8.0;
				LD_RUNPATH_SEARCH_PATHS = "$(inherited) @executable_path/Frameworks";
				OTHER_LDFLAGS = (
					"$(inherited)",
					"-ObjC",
					"-l\"Reachability\"",
					"-framework",
					"\"GoogleMobileAds\"",
					"-framework",
					"\"SystemConfiguration\"",
				);
				PRODUCT_BUNDLE_IDENTIFIER = "com.IndieEndGames.Bounce-Draw";
				PRODUCT_NAME = "Bounce Shot";
				PROVISIONING_PROFILE = "";
			};
			name = Release;
		};
/* End XCBuildConfiguration section */

/* Begin XCConfigurationList section */
		07B1F70F1BF7FEC400DEE6A7 /* Build configuration list for PBXProject "Bounce Shot" */ = {
			isa = XCConfigurationList;
			buildConfigurations = (
				07B1F72C1BF7FEC400DEE6A7 /* Debug */,
				07B1F72D1BF7FEC400DEE6A7 /* Release */,
			);
			defaultConfigurationIsVisible = 0;
			defaultConfigurationName = Release;
		};
		07B1F72E1BF7FEC400DEE6A7 /* Build configuration list for PBXNativeTarget "Bounce Shot" */ = {
			isa = XCConfigurationList;
			buildConfigurations = (
				07B1F72F1BF7FEC400DEE6A7 /* Debug */,
				07B1F7301BF7FEC400DEE6A7 /* Release */,
			);
			defaultConfigurationIsVisible = 0;
			defaultConfigurationName = Release;
		};
/* End XCConfigurationList section */

/* Begin XCVersionGroup section */
		07B1F7821BF8018900DEE6A7 /* Circle_Test.xcdatamodeld */ = {
			isa = XCVersionGroup;
			children = (
				07B1F7831BF8018900DEE6A7 /* Circle_Test.xcdatamodel */,
			);
			currentVersion = 07B1F7831BF8018900DEE6A7 /* Circle_Test.xcdatamodel */;
			path = Circle_Test.xcdatamodeld;
			sourceTree = "<group>";
			versionGroupType = wrapper.xcdatamodel;
		};
/* End XCVersionGroup section */
	};
	rootObject = 07B1F70C1BF7FEC400DEE6A7 /* Project object */;
}
